github.com/aws/aws-sdk-go-v2 v1.36.3 h1:mJoei2CxPutQVxaATCzDUjcZEjVRdpsiiXi2o38yqWM=
github.com/aws/aws-sdk-go-v2 v1.36.3/go.mod h1:LLXuLpgzEbD766Z5ECcRmi8AzSwfZItDtmABVkRLGzg=
github.com/aws/aws-sdk-go-v2 v1.40.1 h1:difXb4maDZkRH0x//Qkwcfpdg1XQVXEAEs2DdXldFFc=
github.com/aws/aws-sdk-go-v2 v1.40.1/go.mod h1:MayyLB8y+buD9hZqkCW3kX1AKq07Y5pXxtgB+rRFhz0=
github.com/aws/aws-sdk-go-v2/aws/protocol/eventstream v1.6.10 h1:zAybnyUQXIZ5mok5Jqwlf58/TFE7uvd3IAsa1aF9cXs=
github.com/aws/aws-sdk-go-v2/aws/protocol/eventstream v1.6.10/go.mod h1:qqvMj6gHLR/EXWZw4ZbqlPbQUyenf4h82UQUlKc+l14=
github.com/aws/aws-sdk-go-v2/aws/protocol/eventstream v1.7.4 h1:489krEF9xIGkOaaX3CE/Be2uWjiXrkCH6gUX+bZA/BU=
github.com/aws/aws-sdk-go-v2/aws/protocol/eventstream v1.7.4/go.mod h1:IOAPF6oT9KCsceNTvvYMNHy0+kMF8akOjeDvPENWxp4=
github.com/aws/aws-sdk-go-v2/config v1.29.14 h1:f+eEi/2cKCg9pqKBoAIwRGzVb70MRKqWX4dg1BDcSJM=
github.com/aws/aws-sdk-go-v2/config v1.29.14/go.mod h1:wVPHWcIFv3WO89w0rE10gzf17ZYy+UVS1Geq8Iei34g=
github.com/aws/aws-sdk-go-v2/config v1.32.3 h1:cpz7H2uMNTDa0h/5CYL5dLUEzPSLo2g0NkbxTRJtSSU=
github.com/aws/aws-sdk-go-v2/config v1.32.3/go.mod h1:srtPKaJJe3McW6T/+GMBZyIPc+SeqJsNPJsd4mOYZ6s=
github.com/aws/aws-sdk-go-v2/credentials v1.17.67 h1:9KxtdcIA/5xPNQyZRgUSpYOE6j9Bc4+D7nZua0KGYOM=
github.com/aws/aws-sdk-go-v2/credentials v1.17.67/go.mod h1:p3C44m+cfnbv763s52gCqrjaqyPikj9Sg47kUVaNZQQ=
github.com/aws/aws-sdk-go-v2/credentials v1.19.3 h1:01Ym72hK43hjwDeJUfi1l2oYLXBAOR8gNSZNmXmvuas=
github.com/aws/aws-sdk-go-v2/credentials v1.19.3/go.mod h1:55nWF/Sr9Zvls0bGnWkRxUdhzKqj9uRNlPvgV1vgxKc=
github.com/aws/aws-sdk-go-v2/feature/ec2/imds v1.16.30 h1:x793wxmUWVDhshP8WW2mlnXuFrO4cOd3HLBroh1paFw=
github.com/aws/aws-sdk-go-v2/feature/ec2/imds v1.16.30/go.mod h1:Jpne2tDnYiFascUEs2AWHJL9Yp7A5ZVy3TNyxaAjD6M=
github.com/aws/aws-sdk-go-v2/feature/ec2/imds v1.18.15 h1:utxLraaifrSBkeyII9mIbVwXXWrZdlPO7FIKmyLCEcY=
github.com/aws/aws-sdk-go-v2/feature/ec2/imds v1.18.15/go.mod h1:hW6zjYUDQwfz3icf4g2O41PHi77u10oAzJ84iSzR/lo=
github.com/aws/aws-sdk-go-v2/internal/configsources v1.3.34 h1:ZK5jHhnrioRkUNOc+hOgQKlUL5JeC3S6JgLxtQ+Rm0Q=
github.com/aws/aws-sdk-go-v2/internal/configsources v1.3.34/go.mod h1:p4VfIceZokChbA9FzMbRGz5OV+lekcVtHlPKEO0gSZY=
github.com/aws/aws-sdk-go-v2/internal/configsources v1.4.15 h1:Y5YXgygXwDI5P4RkteB5yF7v35neH7LfJKBG+hzIons=
github.com/aws/aws-sdk-go-v2/internal/configsources v1.4.15/go.mod h1:K+/1EpG42dFSY7CBj+Fruzm8PsCGWTXJ3jdeJ659oGQ=
github.com/aws/aws-sdk-go-v2/internal/endpoints/v2 v2.6.34 h1:SZwFm17ZUNNg5Np0ioo/gq8Mn6u9w19Mri8DnJ15Jf0=
github.com/aws/aws-sdk-go-v2/internal/endpoints/v2 v2.6.34/go.mod h1:dFZsC0BLo346mvKQLWmoJxT+Sjp+qcVR1tRVHQGOH9Q=
github.com/aws/aws-sdk-go-v2/internal/endpoints/v2 v2.7.15 h1:AvltKnW9ewxX2hFmQS0FyJH93aSvJVUEFvXfU+HWtSE=
github.com/aws/aws-sdk-go-v2/internal/endpoints/v2 v2.7.15/go.mod h1:3I4oCdZdmgrREhU74qS1dK9yZ62yumob+58AbFR4cQA=
github.com/aws/aws-sdk-go-v2/internal/ini v1.8.3 h1:bIqFDwgGXXN1Kpp99pDOdKMTTb5d2KyU5X/BZxjOkRo=
github.com/aws/aws-sdk-go-v2/internal/ini v1.8.3/go.mod h1:H5O/EsxDWyU+LP/V8i5sm8cxoZgc2fdNR9bxlOFrQTo=
github.com/aws/aws-sdk-go-v2/internal/ini v1.8.4 h1:WKuaxf++XKWlHWu9ECbMlha8WOEGm0OUEZqm4K/Gcfk=
github.com/aws/aws-sdk-go-v2/internal/ini v1.8.4/go.mod h1:ZWy7j6v1vWGmPReu0iSGvRiise4YI5SkR3OHKTZ6Wuc=
github.com/aws/aws-sdk-go-v2/internal/v4a v1.3.34 h1:ZNTqv4nIdE/DiBfUUfXcLZ/Spcuz+RjeziUtNJackkM=
github.com/aws/aws-sdk-go-v2/internal/v4a v1.3.34/go.mod h1:zf7Vcd1ViW7cPqYWEHLHJkS50X0JS2IKz9Cgaj6ugrs=
github.com/aws/aws-sdk-go-v2/internal/v4a v1.4.15 h1:NLYTEyZmVZo0Qh183sC8nC+ydJXOOeIL/qI/sS3PdLY=
github.com/aws/aws-sdk-go-v2/internal/v4a v1.4.15/go.mod h1:Z803iB3B0bc8oJV8zH2PERLRfQUJ2n2BXISpsA4+O1M=
github.com/aws/aws-sdk-go-v2/service/internal/accept-encoding v1.12.3 h1:eAh2A4b5IzM/lum78bZ590jy36+d/aFLgKF/4Vd1xPE=
github.com/aws/aws-sdk-go-v2/service/internal/accept-encoding v1.12.3/go.mod h1:0yKJC/kb8sAnmlYa6Zs3QVYqaC8ug2AbnNChv5Ox3uA=
github.com/aws/aws-sdk-go-v2/service/internal/accept-encoding v1.13.4 h1:0ryTNEdJbzUCEWkVXEXoqlXV72J5keC1GvILMOuD00E=
github.com/aws/aws-sdk-go-v2/service/internal/accept-encoding v1.13.4/go.mod h1:HQ4qwNZh32C3CBeO6iJLQlgtMzqeG17ziAA/3KDJFow=
github.com/aws/aws-sdk-go-v2/service/internal/checksum v1.7.2 h1:BCG7DCXEXpNCcpwCxg1oi9pkJWH2+eZzTn9MY56MbVw=
github.com/aws/aws-sdk-go-v2/service/internal/checksum v1.7.2/go.mod h1:iu6FSzgt+M2/x3Dk8zhycdIcHjEFb36IS8HVUVFoMg0=
github.com/aws/aws-sdk-go-v2/service/internal/checksum v1.9.6 h1:P1MU/SuhadGvg2jtviDXPEejU3jBNhoeeAlRadHzvHI=
github.com/aws/aws-sdk-go-v2/service/internal/checksum v1.9.6/go.mod h1:5KYaMG6wmVKMFBSfWoyG/zH8pWwzQFnKgpoSRlXHKdQ=
github.com/aws/aws-sdk-go-v2/service/internal/presigned-url v1.12.15 h1:dM9/92u2F1JbDaGooxTq18wmmFzbJRfXfVfy96/1CXM=
github.com/aws/aws-sdk-go-v2/service/internal/presigned-url v1.12.15/go.mod h1:SwFBy2vjtA0vZbjjaFtfN045boopadnoVPhu4Fv66vY=
github.com/aws/aws-sdk-go-v2/service/internal/presigned-url v1.13.15 h1:3/u/4yZOffg5jdNk1sDpOQ4Y+R6Xbh+GzpDrSZjuy3U=
github.com/aws/aws-sdk-go-v2/service/internal/presigned-url v1.13.15/go.mod h1:4Zkjq0FKjE78NKjabuM4tRXKFzUJWXgP0ItEZK8l7JU=
github.com/aws/aws-sdk-go-v2/service/internal/s3shared v1.18.15 h1:moLQUoVq91LiqT1nbvzDukyqAlCv89ZmwaHw/ZFlFZg=
github.com/aws/aws-sdk-go-v2/service/internal/s3shared v1.18.15/go.mod h1:ZH34PJUc8ApjBIfgQCFvkWcUDBtl/WTD+uiYHjd8igA=
github.com/aws/aws-sdk-go-v2/service/internal/s3shared v1.19.15 h1:wsSQ4SVz5YE1crz0Ap7VBZrV4nNqZt4CIBBT8mnwoNc=
github.com/aws/aws-sdk-go-v2/service/internal/s3shared v1.19.15/go.mod h1:I7sditnFGtYMIqPRU1QoHZAUrXkGp4SczmlLwrNPlD0=
github.com/aws/aws-sdk-go-v2/service/s3 v1.80.0 h1:fV4XIU5sn/x8gjRouoJpDVHj+ExJaUk4prYF+eb6qTs=
github.com/aws/aws-sdk-go-v2/service/s3 v1.80.0/go.mod h1:qbn305Je/IofWBJ4bJz/Q7pDEtnnoInw/dGt71v6rHE=
github.com/aws/aws-sdk-go-v2/service/s3 v1.93.0 h1:IrbE3B8O9pm3lsg96AXIN5MXX4pECEuExh/A0Du3AuI=
github.com/aws/aws-sdk-go-v2/service/s3 v1.93.0/go.mod h1:/sJLzHtiiZvs6C1RbxS/anSAFwZD6oC6M/kotQzOiLw=
github.com/aws/aws-sdk-go-v2/service/signin v1.0.3 h1:d/6xOGIllc/XW1lzG9a4AUBMmpLA9PXcQnVPTuHHcik=
github.com/aws/aws-sdk-go-v2/service/signin v1.0.3/go.mod h1:fQ7E7Qj9GiW8y0ClD7cUJk3Bz5Iw8wZkWDHsTe8vDKs=
github.com/aws/aws-sdk-go-v2/service/sso v1.25.3 h1:1Gw+9ajCV1jogloEv1RRnvfRFia2cL6c9cuKV2Ps+G8=
github.com/aws/aws-sdk-go-v2/service/sso v1.25.3/go.mod h1:qs4a9T5EMLl/Cajiw2TcbNt2UNo/Hqlyp+GiuG4CFDI=
github.com/aws/aws-sdk-go-v2/service/sso v1.30.6 h1:8sTTiw+9yuNXcfWeqKF2x01GqCF49CpP4Z9nKrrk/ts=
github.com/aws/aws-sdk-go-v2/service/sso v1.30.6/go.mod h1:8WYg+Y40Sn3X2hioaaWAAIngndR8n1XFdRPPX+7QBaM=
github.com/aws/aws-sdk-go-v2/service/ssooidc v1.30.1 h1:hXmVKytPfTy5axZ+fYbR5d0cFmC3JvwLm5kM83luako=
github.com/aws/aws-sdk-go-v2/service/ssooidc v1.30.1/go.mod h1:MlYRNmYu/fGPoxBQVvBYr9nyr948aY/WLUvwBMBJubs=
github.com/aws/aws-sdk-go-v2/service/ssooidc v1.35.11 h1:E+KqWoVsSrj1tJ6I/fjDIu5xoS2Zacuu1zT+H7KtiIk=
github.com/aws/aws-sdk-go-v2/service/ssooidc v1.35.11/go.mod h1:qyWHz+4lvkXcr3+PoGlGHEI+3DLLiU6/GdrFfMaAhB0=
github.com/aws/aws-sdk-go-v2/service/sts v1.33.19 h1:1XuUZ8mYJw9B6lzAkXhqHlJd/XvaX32evhproijJEZY=
github.com/aws/aws-sdk-go-v2/service/sts v1.33.19/go.mod h1:cQnB8CUnxbMU82JvlqjKR2HBOm3fe9pWorWBza6MBJ4=
github.com/aws/aws-sdk-go-v2/service/sts v1.41.3 h1:tzMkjh0yTChUqJDgGkcDdxvZDSrJ/WB6R6ymI5ehqJI=
github.com/aws/aws-sdk-go-v2/service/sts v1.41.3/go.mod h1:T270C0R5sZNLbWUe8ueiAF42XSZxxPocTaGSgs5c/60=
github.com/aws/smithy-go v1.22.3 h1:Z//5NuZCSW6R4PhQ93hShNbyBbn8BWCmCVCt+Q8Io5k=
github.com/aws/smithy-go v1.22.3/go.mod h1:t1ufH5HMublsJYulve2RKmHDC15xu1f26kHCp/HgceI=
github.com/aws/smithy-go v1.24.0 h1:LpilSUItNPFr1eY85RYgTIg5eIEPtvFbskaFcmmIUnk=
github.com/aws/smithy-go v1.24.0/go.mod h1:LEj2LM3rBRQJxPZTB4KuzZkaZYnZPnvgIhb4pu07mx0=
github.com/davecgh/go-spew v1.1.0/go.mod h1:J7Y8YcW2NihsgmVo/mv3lAwl/skON4iLHjSsI+c5H38=
github.com/davecgh/go-spew v1.1.1 h1:vj9j/u1bqnvCEfJOwUhtlOARqs3+rkHYY13jYWTU97c=
github.com/davecgh/go-spew v1.1.1/go.mod h1:J7Y8YcW2NihsgmVo/mv3lAwl/skON4iLHjSsI+c5H38=
github.com/grimdork/loglines v1.0.2 h1:rEZGtlLq9S0KQUL/imsxj8NKL1xV880TowGRo98wpP0=
github.com/grimdork/loglines v1.0.2/go.mod h1:1x8hNXpwr74Gq2rlqH0Sd82YTgGAx2PynkJ37j9DaGY=
github.com/grimdork/str v1.0.2 h1:qiztJ1W5x4htu5X9ag6yYx0j2ey9CKL30J3pUnVJvoU=
github.com/grimdork/str v1.0.2/go.mod h1:MoFNACllXqLUTqGL6gWvB3dyyyyt5Jn5IFMEPfIgLgs=
github.com/jackc/pgpassfile v1.0.0 h1:/6Hmqy13Ss2zCq62VdNG8tM1wchn8zjSGOBJ6icpsIM=
github.com/jackc/pgpassfile v1.0.0/go.mod h1:CEx0iS5ambNFdcRtxPj5JhEz+xB6uRky5eyVu/W2HEg=
github.com/jackc/pgservicefile v0.0.0-20240606120523-5a60cdf6a761 h1:iCEnooe7UlwOQYpKFhBabPMi4aNAfoODPEFNiAnClxo=
github.com/jackc/pgservicefile v0.0.0-20240606120523-5a60cdf6a761/go.mod h1:5TJZWKEWniPve33vlWYSoGYefn3gLQRzjfDlhSJ9ZKM=
github.com/jackc/pgx/v5 v5.7.5 h1:JHGfMnQY+IEtGM63d+NGMjoRpysB2JBwDr5fsngwmJs=
github.com/jackc/pgx/v5 v5.7.5/go.mod h1:aruU7o91Tc2q2cFp5h4uP3f6ztExVpyVv88Xl/8Vl8M=
github.com/jackc/pgx/v5 v5.7.6 h1:rWQc5FwZSPX58r1OQmkuaNicxdmExaEz5A2DO2hUuTk=
github.com/jackc/pgx/v5 v5.7.6/go.mod h1:aruU7o91Tc2q2cFp5h4uP3f6ztExVpyVv88Xl/8Vl8M=
github.com/jackc/puddle/v2 v2.2.2 h1:PR8nw+E/1w0GLuRFSmiioY6UooMp6KJv0/61nB7icHo=
github.com/jackc/puddle/v2 v2.2.2/go.mod h1:vriiEXHvEE654aYKXXjOvZM39qJ0q+azkZFrfEOc3H4=
github.com/pmezard/go-difflib v1.0.0 h1:4DBwDE0NGyQoBHbLQYPwSUPoCMWR5BEzIk/f1lZbAQM=
github.com/pmezard/go-difflib v1.0.0/go.mod h1:iKH77koFhYxTK1pcRnkKkqfTogsbg7gZNVY4sRDYZ/4=
github.com/stretchr/objx v0.1.0/go.mod h1:HFkY916IF+rwdDfMAkV7OtwuqBVzrE8GR6GFx+wExME=
github.com/stretchr/testify v1.3.0/go.mod h1:M5WIy9Dh21IEIfnGCwXGc5bZfKNJtfHm1UVUgZn+9EI=
github.com/stretchr/testify v1.7.0/go.mod h1:6Fq8oRcR53rry900zMqJjRRixrwX3KX962/h/Wwjteg=
github.com/stretchr/testify v1.8.1 h1:w7B6lhMri9wdJUVmEZPGGhZzrYTPvgJArz7wNPgYKsk=
github.com/stretchr/testify v1.8.1/go.mod h1:w2LPCIKwWwSfY2zedu0+kehJoqGctiVI29o6fzry7u4=
golang.org/x/crypto v0.38.0 h1:jt+WWG8IZlBnVbomuhg2Mdq0+BBQaHbtqHEFEigjUV8=
golang.org/x/crypto v0.38.0/go.mod h1:MvrbAqul58NNYPKnOra203SB9vpuZW0e+RRZV+Ggqjw=
golang.org/x/crypto v0.45.0 h1:jMBrvKuj23MTlT0bQEOBcAE0mjg8mK9RXFhRH6nyF3Q=
golang.org/x/crypto v0.45.0/go.mod h1:XTGrrkGJve7CYK7J8PEww4aY7gM3qMCElcJQ8n8JdX4=
golang.org/x/sync v0.14.0 h1:woo0S4Yywslg6hp4eUFjTVOyKt0RookbpAHG4c1HmhQ=
golang.org/x/sync v0.14.0/go.mod h1:1dzgHSNfp02xaA81J2MS99Qcpr2w7fw1gpm99rleRqA=
golang.org/x/text v0.25.0 h1:qVyWApTSYLk/drJRO5mDlNYskwQznZmkpV2c8q9zls4=
golang.org/x/text v0.25.0/go.mod h1:WEdwpYrmk1qmdHvhkSTNPm3app7v4rsT8F2UD6+VHIA=
golang.org/x/text v0.31.0 h1:aC8ghyu4JhP8VojJ2lEHBnochRno1sgL6nEi9WGFGMM=
golang.org/x/text v0.31.0/go.mod h1:tKRAlv61yKIjGGHX/4tP1LTbc13YSec1pxVEWXzfoeM=
gopkg.in/check.v1 v0.0.0-20161208181325-20d25e280405/go.mod h1:Co6ibVJAznAaIkqp8huTwlJQCZ016jof/cbN4VW5Yz0=
gopkg.in/yaml.v3 v3.0.0-20200313102051-9f266ea9e77c/go.mod h1:K4uyk7z7BCEPqu6E+C64Yfv1cQ7kz7rIZviUmN+EgEM=
gopkg.in/yaml.v3 v3.0.1 h1:fxVm/GzAzEWqLHuvctI91KS9hhNmmWOoWu0XTYJS7CA=
gopkg.in/yaml.v3 v3.0.1/go.mod h1:K4uyk7z7BCEPqu6E+C64Yfv1cQ7kz7rIZviUmN+EgEM=
